
Microsoft Visual Studio Solution File, Format Version 12.00
# Visual Studio 15
VisualStudioVersion = 15.0.27703.2026
MinimumVisualStudioVersion = 10.0.40219.1
Project("{FAE04EC0-301F-11D3-BF4B-00C04F79EFBC}") = "EventManager.Service", "EventManager.Service\EventManager.Service.csproj", "{1B18FCD2-A509-4CB4-81A9-37F36610D360}"
EndProject
Project("{FAE04EC0-301F-11D3-BF4B-00C04F79EFBC}") = "EventManager.Models", "EventManager.Models\EventManager.Models.csproj", "{8A530A38-3C44-4947-9F15-36331F46EF13}"
EndProject
Project("{FAE04EC0-301F-11D3-BF4B-00C04F79EFBC}") = "EventManager.Data", "EventManager.Data\EventManager.Data.csproj", "{37C973CF-FB3C-4E43-ADFB-9D5DD9021EFE}"
EndProject
Project("{FAE04EC0-301F-11D3-BF4B-00C04F79EFBC}") = "EventManager.Client", "EventManager.Client\EventManager.Client.csproj", "{9A461033-0995-4619-87F5-503FB4512475}"
EndProject
Global
	GlobalSection(SolutionConfigurationPlatforms) = preSolution
		Debug|Any CPU = Debug|Any CPU
		Release|Any CPU = Release|Any CPU
	EndGlobalSection
	GlobalSection(ProjectConfigurationPlatforms) = postSolution
		{1B18FCD2-A509-4CB4-81A9-37F36610D360}.Debug|Any CPU.ActiveCfg = Debug|Any CPU
		{1B18FCD2-A509-4CB4-81A9-37F36610D360}.Debug|Any CPU.Build.0 = Debug|Any CPU
		{1B18FCD2-A509-4CB4-81A9-37F36610D360}.Release|Any CPU.ActiveCfg = Release|Any CPU
		{1B18FCD2-A509-4CB4-81A9-37F36610D360}.Release|Any CPU.Build.0 = Release|Any CPU
		{8A530A38-3C44-4947-9F15-36331F46EF13}.Debug|Any CPU.ActiveCfg = Debug|Any CPU
		{8A530A38-3C44-4947-9F15-36331F46EF13}.Debug|Any CPU.Build.0 = Debug|Any CPU
		{8A530A38-3C44-4947-9F15-36331F46EF13}.Release|Any CPU.ActiveCfg = Release|Any CPU
		{8A530A38-3C44-4947-9F15-36331F46EF13}.Release|Any CPU.Build.0 = Release|Any CPU
		{37C973CF-FB3C-4E43-ADFB-9D5DD9021EFE}.Debug|Any CPU.ActiveCfg = Debug|Any CPU
		{37C973CF-FB3C-4E43-ADFB-9D5DD9021EFE}.Debug|Any CPU.Build.0 = Debug|Any CPU
		{37C973CF-FB3C-4E43-ADFB-9D5DD9021EFE}.Release|Any CPU.ActiveCfg = Release|Any CPU
		{37C973CF-FB3C-4E43-ADFB-9D5DD9021EFE}.Release|Any CPU.Build.0 = Release|Any CPU
		{9A461033-0995-4619-87F5-503FB4512475}.Debug|Any CPU.ActiveCfg = Debug|Any CPU
		{9A461033-0995-4619-87F5-503FB4512475}.Debug|Any CPU.Build.0 = Debug|Any CPU
		{9A461033-0995-4619-87F5-503FB4512475}.Release|Any CPU.ActiveCfg = Release|Any CPU
		{9A461033-0995-4619-87F5-503FB4512475}.Release|Any CPU.Build.0 = Release|Any CPU
	EndGlobalSection
	GlobalSection(SolutionProperties) = preSolution
		HideSolutionNode = FALSE
	EndGlobalSection
	GlobalSection(ExtensibilityGlobals) = postSolution
		SolutionGuid = {76DE14A1-B291-4CCB-A1EB-18313A372B63}
	EndGlobalSection
EndGlobal
